
Microsoft Visual Studio Solution File, Format Version 12.00
# Visual Studio 15
VisualStudioVersion = 15.0.28307.106
MinimumVisualStudioVersion = 10.0.40219.1
Project("{FAE04EC0-301F-11D3-BF4B-00C04F79EFBC}") = "FrequencyQueries", "FrequencyQueries\FrequencyQueries.csproj", "{DA6173E0-7523-4B68-9626-4596731CA505}"
EndProject
Global
	GlobalSection(SolutionConfigurationPlatforms) = preSolution
		Debug|Any CPU = Debug|Any CPU
		Release|Any CPU = Release|Any CPU
	EndGlobalSection
	GlobalSection(ProjectConfigurationPlatforms) = postSolution
		{DA6173E0-7523-4B68-9626-4596731CA505}.Debug|Any CPU.ActiveCfg = Debug|Any CPU
		{DA6173E0-7523-4B68-9626-4596731CA505}.Debug|Any CPU.Build.0 = Debug|Any CPU
		{DA6173E0-7523-4B68-9626-4596731CA505}.Release|Any CPU.ActiveCfg = Release|Any CPU
		{DA6173E0-7523-4B68-9626-4596731CA505}.Release|Any CPU.Build.0 = Release|Any CPU
	EndGlobalSection
	GlobalSection(SolutionProperties) = preSolution
		HideSolutionNode = FALSE
	EndGlobalSection
	GlobalSection(ExtensibilityGlobals) = postSolution
		SolutionGuid = {FB1E307A-8E91-46F8-A26A-87495303993D}
	EndGlobalSection
EndGlobal
